// !$*UTF8*$!
{
	archiveVersion = 1;
	classes = {
	};
	objectVersion = 48;
	objects = {

/* Begin PBXBuildFile section */
		83D76797204EE6E900FD6FAA /* AppDelegate.swift in Sources */ = {isa = PBXBuildFile; fileRef = 83D76796204EE6E900FD6FAA /* AppDelegate.swift */; };
		83D76799204EE6E900FD6FAA /* ViewController.swift in Sources */ = {isa = PBXBuildFile; fileRef = 83D76798204EE6E900FD6FAA /* ViewController.swift */; };
		83D7679C204EE6EA00FD6FAA /* Main.storyboard in Resources */ = {isa = PBXBuildFile; fileRef = 83D7679A204EE6EA00FD6FAA /* Main.storyboard */; };
		83D7679E204EE6EA00FD6FAA /* Assets.xcassets in Resources */ = {isa = PBXBuildFile; fileRef = 83D7679D204EE6EA00FD6FAA /* Assets.xcassets */; };
		83D767A1204EE6EA00FD6FAA /* LaunchScreen.storyboard in Resources */ = {isa = PBXBuildFile; fileRef = 83D7679F204EE6EA00FD6FAA /* LaunchScreen.storyboard */; };
/* End PBXBuildFile section */

/* Begin PBXFileReference section */
		83D76793204EE6E900FD6FAA /* HolaMundoCruel.app */ = {isa = PBXFileReference; explicitFileType = wrapper.application; includeInIndex = 0; path = HolaMundoCruel.app; sourceTree = BUILT_PRODUCTS_DIR; };
		83D76796204EE6E900FD6FAA /* AppDelegate.swift */ = {isa = PBXFileReference; lastKnownFileType = sourcecode.swift; path = AppDelegate.swift; sourceTree = "<group>"; };
		83D76798204EE6E900FD6FAA /* ViewController.swift */ = {isa = PBXFileReference; lastKnownFileType = sourcecode.swift; path = ViewController.swift; sourceTree = "<group>"; };
		83D7679B204EE6EA00FD6FAA /* Base */ = {isa = PBXFileReference; lastKnownFileType = file.storyboard; name = Base; path = Base.lproj/Main.storyboard; sourceTree = "<group>"; };
		83D7679D204EE6EA00FD6FAA /* Assets.xcassets */ = {isa = PBXFileReference; lastKnownFileType = folder.assetcatalog; path = Assets.xcassets; sourceTree = "<group>"; };
		83D767A0204EE6EA00FD6FAA /* Base */ = {isa = PBXFileReference; lastKnownFileType = file.storyboard; name = Base; path = Base.lproj/LaunchScreen.storyboard; sourceTree = "<group>"; };
		83D767A2204EE6EA00FD6FAA /* Info.plist */ = {isa = PBXFileReference; lastKnownFileType = text.plist.xml; path = Info.plist; sourceTree = "<group>"; };
/* End PBXFileReference section */

/* Begin PBXFrameworksBuildPhase section */
		83D76790204EE6E900FD6FAA /* Frameworks */ = {
			isa = PBXFrameworksBuildPhase;
			buildActionMask = 2147483647;
			files = (
			);
			runOnlyForDeploymentPostprocessing = 0;
		};
/* End PBXFrameworksBuildPhase section */

/* Begin PBXGroup section */
		83D7678A204EE6E900FD6FAA = {
			isa = PBXGroup;
			children = (
				83D76795204EE6E900FD6FAA /* HolaMundoCruel */,
				83D76794204EE6E900FD6FAA /* Products */,
			);
			sourceTree = "<group>";
		};
		83D76794204EE6E900FD6FAA /* Products */ = {
			isa = PBXGroup;
			children = (
				83D76793204EE6E900FD6FAA /* HolaMundoCruel.app */,
			);
			name = Products;
			sourceTree = "<group>";
		};
		83D76795204EE6E900FD6FAA /* HolaMundoCruel */ = {
			isa = PBXGroup;
			children = (
				83D76796204EE6E900FD6FAA /* AppDelegate.swift */,
				83D76798204EE6E900FD6FAA /* ViewController.swift */,
				83D7679A204EE6EA00FD6FAA /* Main.storyboard */,
				83D7679D204EE6EA00FD6FAA /* Assets.xcassets */,
				83D7679F204EE6EA00FD6FAA /* LaunchScreen.storyboard */,
				83D767A2204EE6EA00FD6FAA /* Info.plist */,
			);
			path = HolaMundoCruel;
			sourceTree = "<group>";
		};
/* End PBXGroup section */

/* Begin PBXNativeTarget section */
		83D76792204EE6E900FD6FAA /* HolaMundoCruel */ = {
			isa = PBXNativeTarget;
			buildConfigurationList = 83D767A5204EE6EA00FD6FAA /* Build configuration list for PBXNativeTarget "HolaMundoCruel" */;
			buildPhases = (
				83D7678F204EE6E900FD6FAA /* Sources */,
				83D76790204EE6E900FD6FAA /* Frameworks */,
				83D76791204EE6E900FD6FAA /* Resources */,
			);
			buildRules = (
			);
			dependencies = (
			);
			name = HolaMundoCruel;
			productName = HolaMundoCruel;
			productReference = 83D76793204EE6E900FD6FAA /* HolaMundoCruel.app */;
			productType = "com.apple.product-type.application";
		};
/* End PBXNativeTarget section */

/* Begin PBXProject section */
		83D7678B204EE6E900FD6FAA /* Project object */ = {
			isa = PBXProject;
			attributes = {
				LastSwiftUpdateCheck = 0920;
				LastUpgradeCheck = 0920;
				ORGANIZATIONNAME = CrissTaff;
				TargetAttributes = {
					83D76792204EE6E900FD6FAA = {
						CreatedOnToolsVersion = 9.2;
						ProvisioningStyle = Automatic;
					};
				};
			};
			buildConfigurationList = 83D7678E204EE6E900FD6FAA /* Build configuration list for PBXProject "HolaMundoCruel" */;
			compatibilityVersion = "Xcode 8.0";
			developmentRegion = en;
			hasScannedForEncodings = 0;
			knownRegions = (
				en,
				Base,
			);
			mainGroup = 83D7678A204EE6E900FD6FAA;
			productRefGroup = 83D76794204EE6E900FD6FAA /* Products */;
			projectDirPath = "";
			projectRoot = "";
			targets = (
				83D76792204EE6E900FD6FAA /* HolaMundoCruel */,
			);
		};
/* End PBXProject section */

/* Begin PBXResourcesBuildPhase section */
		83D76791204EE6E900FD6FAA /* Resources */ = {
			isa = PBXResourcesBuildPhase;
			buildActionMask = 2147483647;
			files = (
				83D767A1204EE6EA00FD6FAA /* LaunchScreen.storyboard in Resources */,
				83D7679E204EE6EA00FD6FAA /* Assets.xcassets in Resources */,
				83D7679C204EE6EA00FD6FAA /* Main.storyboard in Resources */,
			);
			runOnlyForDeploymentPostprocessing = 0;
		};
/* End PBXResourcesBuildPhase section */

/* Begin PBXSourcesBuildPhase section */
		83D7678F204EE6E900FD6FAA /* Sources */ = {
			isa = PBXSourcesBuildPhase;
			buildActionMask = 2147483647;
			files = (
				83D76799204EE6E900FD6FAA /* ViewController.swift in Sources */,
				83D76797204EE6E900FD6FAA /* AppDelegate.swift in Sources */,
			);
			runOnlyForDeploymentPostprocessing = 0;
		};
/* End PBXSourcesBuildPhase section */

/* Begin PBXVariantGroup section */
		83D7679A204EE6EA00FD6FAA /* Main.storyboard */ = {
			isa = PBXVariantGroup;
			children = (
				83D7679B204EE6EA00FD6FAA /* Base */,
			);
			name = Main.storyboard;
			sourceTree = "<group>";
		};
		83D7679F204EE6EA00FD6FAA /* LaunchScreen.storyboard */ = {
			isa = PBXVariantGroup;
			children = (
				83D767A0204EE6EA00FD6FAA /* Base */,
			);
			name = LaunchScreen.storyboard;
			sourceTree = "<group>";
		};
/* End PBXVariantGroup section */

/* Begin XCBuildConfiguration section */
		83D767A3204EE6EA00FD6FAA /* Debug */ = {
			isa = XCBuildConfiguration;
			buildSettings = {
				ALWAYS_SEARCH_USER_PATHS = NO;
				CLANG_ANALYZER_NONNULL = YES;
				CLANG_ANALYZER_NUMBER_OBJECT_CONVERSION = YES_AGGRESSIVE;
				CLANG_CXX_LANGUAGE_STANDARD = "gnu++14";
				CLANG_CXX_LIBRARY = "libc++";
				CLANG_ENABLE_MODULES = YES;
				CLANG_ENABLE_OBJC_ARC = YES;
				CLANG_WARN_BLOCK_CAPTURE_AUTORELEASING = YES;
				CLANG_WARN_BOOL_CONVERSION = YES;
				CLANG_WARN_COMMA = YES;
				CLANG_WARN_CONSTANT_CONVERSION = YES;
				CLANG_WARN_DIRECT_OBJC_ISA_USAGE = YES_ERROR;
				CLANG_WARN_DOCUMENTATION_COMMENTS = YES;
				CLANG_WARN_EMPTY_BODY = YES;
				CLANG_WARN_ENUM_CONVERSION = YES;
				CLANG_WARN_INFINITE_RECURSION = YES;
				CLANG_WARN_INT_CONVERSION = YES;
				CLANG_WARN_NON_LITERAL_NULL_CONVERSION = YES;
				CLANG_WARN_OBJC_LITERAL_CONVERSION = YES;
				CLANG_WARN_OBJC_ROOT_CLASS = YES_ERROR;
				CLANG_WARN_RANGE_LOOP_ANALYSIS = YES;
				CLANG_WARN_STRICT_PROTOTYPES = YES;
				CLANG_WARN_SUSPICIOUS_MOVE = YES;
				CLANG_WARN_UNGUARDED_AVAILABILITY = YES_AGGRESSIVE;
				CLANG_WARN_UNREACHABLE_CODE = YES;
				CLANG_WARN__DUPLICATE_METHOD_MATCH = YES;
				CODE_SIGN_IDENTITY = "iPhone Developer";
				COPY_PHASE_STRIP = NO;
				DEBUG_INFORMATION_FORMAT = dwarf;
				ENABLE_STRICT_OBJC_MSGSEND = YES;
				ENABLE_TESTABILITY = YES;
				GCC_C_LANGUAGE_STANDARD = gnu11;
				GCC_DYNAMIC_NO_PIC = NO;
				GCC_NO_COMMON_BLOCKS = YES;
				GCC_OPTIMIZATION_LEVEL = 0;
				GCC_PREPROCESSOR_DEFINITIONS = (
					"DEBUG=1",
					"$(inherited)",
				);
				GCC_WARN_64_TO_32_BIT_CONVERSION = YES;
				GCC_WARN_ABOUT_RETURN_TYPE = YES_ERROR;
				GCC_WARN_UNDECLARED_SELECTOR = YES;
				GCC_WARN_UNINITIALIZED_AUTOS = YES_AGGRESSIVE;
				GCC_WARN_UNUSED_FUNCTION = YES;
				GCC_WARN_UNUSED_VARIABLE = YES;
				IPHONEOS_DEPLOYMENT_TARGET = 11.2;
				MTL_ENABLE_DEBUG_INFO = YES;
				ONLY_ACTIVE_ARCH = YES;
				SDKROOT = iphoneos;
				SWIFT_ACTIVE_COMPILATION_CONDITIONS = DEBUG;
				SWIFT_OPTIMIZATION_LEVEL = "-Onone";
			};
			name = Debug;
		};
		83D767A4204EE6EA00FD6FAA /* Release */ = {
			isa = XCBuildConfiguration;
			buildSettings = {
				ALWAYS_SEARCH_USER_PATHS = NO;
				CLANG_ANALYZER_NONNULL = YES;
				CLANG_ANALYZER_NUMBER_OBJECT_CONVERSION = YES_AGGRESSIVE;
				CLANG_CXX_LANGUAGE_STANDARD = "gnu++14";
				CLANG_CXX_LIBRARY = "libc++";
				CLANG_ENABLE_MODULES = YES;
				CLANG_ENABLE_OBJC_ARC = YES;
				CLANG_WARN_BLOCK_CAPTURE_AUTORELEASING = YES;
				CLANG_WARN_BOOL_CONVERSION = YES;
				CLANG_WARN_COMMA = YES;
				CLANG_WARN_CONSTANT_CONVERSION = YES;
				CLANG_WARN_DIRECT_OBJC_ISA_USAGE = YES_ERROR;
				CLANG_WARN_DOCUMENTATION_COMMENTS = YES;
				CLANG_WARN_EMPTY_BODY = YES;
				CLANG_WARN_ENUM_CONVERSION = YES;
				CLANG_WARN_INFINITE_RECURSION = YES;
				CLANG_WARN_INT_CONVERSION = YES;
				CLANG_WARN_NON_LITERAL_NULL_CONVERSION = YES;
				CLANG_WARN_OBJC_LITERAL_CONVERSION = YES;
				CLANG_WARN_OBJC_ROOT_CLASS = YES_ERROR;
				CLANG_WARN_RANGE_LOOP_ANALYSIS = YES;
				CLANG_WARN_STRICT_PROTOTYPES = YES;
				CLANG_WARN_SUSPICIOUS_MOVE = YES;
				CLANG_WARN_UNGUARDED_AVAILABILITY = YES_AGGRESSIVE;
				CLANG_WARN_UNREACHABLE_CODE = YES;
				CLANG_WARN__DUPLICATE_METHOD_MATCH = YES;
				CODE_SIGN_IDENTITY = "iPhone Developer";
				COPY_PHASE_STRIP = NO;
				DEBUG_INFORMATION_FORMAT = "dwarf-with-dsym";
				ENABLE_NS_ASSERTIONS = NO;
				ENABLE_STRICT_OBJC_MSGSEND = YES;
				GCC_C_LANGUAGE_STANDARD = gnu11;
				GCC_NO_COMMON_BLOCKS = YES;
				GCC_WARN_64_TO_32_BIT_CONVERSION = YES;
				GCC_WARN_ABOUT_RETURN_TYPE = YES_ERROR;
				GCC_WARN_UNDECLARED_SELECTOR = YES;
				GCC_WARN_UNINITIALIZED_AUTOS = YES_AGGRESSIVE;
				GCC_WARN_UNUSED_FUNCTION = YES;
				GCC_WARN_UNUSED_VARIABLE = YES;
				IPHONEOS_DEPLOYMENT_TARGET = 11.2;
				MTL_ENABLE_DEBUG_INFO = NO;
				SDKROOT = iphoneos;
				SWIFT_OPTIMIZATION_LEVEL = "-Owholemodule";
				VALIDATE_PRODUCT = YES;
			};
			name = Release;
		};
		83D767A6204EE6EA00FD6FAA /* Debug */ = {
			isa = XCBuildConfiguration;
			buildSettings = {
				ASSETCATALOG_COMPILER_APPICON_NAME = AppIcon;
				CODE_SIGN_STYLE = Automatic;
				INFOPLIST_FILE = HolaMundoCruel/Info.plist;
				LD_RUNPATH_SEARCH_PATHS = "$(inherited) @executable_path/Frameworks";
				PRODUCT_BUNDLE_IDENTIFIER = edu.UNAM.FCA.Taff.HolaMundoCruel;
				PRODUCT_NAME = "$(TARGET_NAME)";
				SWIFT_VERSION = 4.0;
				TARGETED_DEVICE_FAMILY = "1,2";
			};
			name = Debug;
		};
		83D767A7204EE6EA00FD6FAA /* Release */ = {
			isa = XCBuildConfiguration;
			buildSettings = {
				ASSETCATALOG_COMPILER_APPICON_NAME = AppIcon;
				CODE_SIGN_STYLE = Automatic;
				INFOPLIST_FILE = HolaMundoCruel/Info.plist;
				LD_RUNPATH_SEARCH_PATHS = "$(inherited) @executable_path/Frameworks";
				PRODUCT_BUNDLE_IDENTIFIER = edu.UNAM.FCA.Taff.HolaMundoCruel;
				PRODUCT_NAME = "$(TARGET_NAME)";
				SWIFT_VERSION = 4.0;
				TARGETED_DEVICE_FAMILY = "1,2";
			};
			name = Release;
		};
/* End XCBuildConfiguration section */

/* Begin XCConfigurationList section */
		83D7678E204EE6E900FD6FAA /* Build configuration list for PBXProject "HolaMundoCruel" */ = {
			isa = XCConfigurationList;
			buildConfigurations = (
				83D767A3204EE6EA00FD6FAA /* Debug */,
				83D767A4204EE6EA00FD6FAA /* Release */,
			);
			defaultConfigurationIsVisible = 0;
			defaultConfigurationName = Release;
		};
		83D767A5204EE6EA00FD6FAA /* Build configuration list for PBXNativeTarget "HolaMundoCruel" */ = {
			isa = XCConfigurationList;
			buildConfigurations = (
				83D767A6204EE6EA00FD6FAA /* Debug */,
				83D767A7204EE6EA00FD6FAA /* Release */,
			);
			defaultConfigurationIsVisible = 0;
			defaultConfigurationName = Release;
		};
/* End XCConfigurationList section */
	};
	rootObject = 83D7678B204EE6E900FD6FAA /* Project object */;
}
